
Microsoft Visual Studio Solution File, Format Version 12.00
# Visual Studio Version 16
VisualStudioVersion = 16.0.30621.155
MinimumVisualStudioVersion = 10.0.40219.1
Project("{FAE04EC0-301F-11D3-BF4B-00C04F79EFBC}") = "DroosManegmentSystem", "DroosManegmentSystem\DroosManegmentSystem.csproj", "{0EC4D336-DF2D-4C5B-AC0C-F887553130EE}"
EndProject
Global
	GlobalSection(SolutionConfigurationPlatforms) = preSolution
		Debug|Any CPU = Debug|Any CPU
		Release|Any CPU = Release|Any CPU
	EndGlobalSection
	GlobalSection(ProjectConfigurationPlatforms) = postSolution
		{0EC4D336-DF2D-4C5B-AC0C-F887553130EE}.Debug|Any CPU.ActiveCfg = Debug|Any CPU
		{0EC4D336-DF2D-4C5B-AC0C-F887553130EE}.Debug|Any CPU.Build.0 = Debug|Any CPU
		{0EC4D336-DF2D-4C5B-AC0C-F887553130EE}.Release|Any CPU.ActiveCfg = Release|Any CPU
		{0EC4D336-DF2D-4C5B-AC0C-F887553130EE}.Release|Any CPU.Build.0 = Release|Any CPU
	EndGlobalSection
	GlobalSection(SolutionProperties) = preSolution
		HideSolutionNode = FALSE
	EndGlobalSection
	GlobalSection(ExtensibilityGlobals) = postSolution
		SolutionGuid = {E6A51215-F7B2-43B8-8DCD-66DA38C5AA92}
	EndGlobalSection
EndGlobal
